// !$*UTF8*$!
{
	archiveVersion = 1;
	classes = {
	};
	objectVersion = 46;
	objects = {

/* Begin PBXBuildFile section */
		CE0CB4BF1D7DAADC00B6C520 /* AppSettings.swift in Sources */ = {isa = PBXBuildFile; fileRef = CE0CB4BE1D7DAADC00B6C520 /* AppSettings.swift */; };
		CE0CB4C51D7DAEF300B6C520 /* facebook-time-v-1-build1.sqlite in Resources */ = {isa = PBXBuildFile; fileRef = CE0CB4C41D7DAEF300B6C520 /* facebook-time-v-1-build1.sqlite */; };
		CE0CB4C81D7DBEAD00B6C520 /* backward-disable-thin.png in Resources */ = {isa = PBXBuildFile; fileRef = CE0CB4C61D7DBEAD00B6C520 /* backward-disable-thin.png */; };
		CE0CB4C91D7DBEAD00B6C520 /* forward-disable-thin.png in Resources */ = {isa = PBXBuildFile; fileRef = CE0CB4C71D7DBEAD00B6C520 /* forward-disable-thin.png */; };
		CE0CB4CB1D7F4AD400B6C520 /* RepeatMethods.swift in Sources */ = {isa = PBXBuildFile; fileRef = CE0CB4CA1D7F4AD400B6C520 /* RepeatMethods.swift */; };
		CE0CB4CD1D7F616C00B6C520 /* Alarm-3.mp3 in Resources */ = {isa = PBXBuildFile; fileRef = CE0CB4CC1D7F616C00B6C520 /* Alarm-3.mp3 */; };
		CE0CB4CF1D80195F00B6C520 /* ReportViewController.swift in Sources */ = {isa = PBXBuildFile; fileRef = CE0CB4CE1D80195F00B6C520 /* ReportViewController.swift */; };
		CE0CB4D11D801BF900B6C520 /* delete-black-thin.png in Resources */ = {isa = PBXBuildFile; fileRef = CE0CB4D01D801BF900B6C520 /* delete-black-thin.png */; };
		CE0CB4D31D801C5200B6C520 /* back-thin.png in Resources */ = {isa = PBXBuildFile; fileRef = CE0CB4D21D801C5200B6C520 /* back-thin.png */; };
		CE0CB4D61D801CBC00B6C520 /* next-thin.png in Resources */ = {isa = PBXBuildFile; fileRef = CE0CB4D41D801CBC00B6C520 /* next-thin.png */; };
		CE0CB4D71D801CBC00B6C520 /* previos-thin.png in Resources */ = {isa = PBXBuildFile; fileRef = CE0CB4D51D801CBC00B6C520 /* previos-thin.png */; };
		CE0CB4D91D801D3100B6C520 /* Facebook-Icon.png in Resources */ = {isa = PBXBuildFile; fileRef = CE0CB4D81D801D3100B6C520 /* Facebook-Icon.png */; };
		CE0CB4DB1D80203400B6C520 /* style.css in Resources */ = {isa = PBXBuildFile; fileRef = CE0CB4DA1D80203400B6C520 /* style.css */; };
		CE2754AD1D79CB3000F2A511 /* AppDelegate.swift in Sources */ = {isa = PBXBuildFile; fileRef = CE2754AC1D79CB3000F2A511 /* AppDelegate.swift */; };
		CE2754AF1D79CB3000F2A511 /* ViewController.swift in Sources */ = {isa = PBXBuildFile; fileRef = CE2754AE1D79CB3000F2A511 /* ViewController.swift */; };
		CE2754B71D79CB3000F2A511 /* LaunchScreen.storyboard in Resources */ = {isa = PBXBuildFile; fileRef = CE2754B51D79CB3000F2A511 /* LaunchScreen.storyboard */; };
		CE2754FD1D7A1CC300F2A511 /* report-thin.png in Resources */ = {isa = PBXBuildFile; fileRef = CE2754F91D7A1CC300F2A511 /* report-thin.png */; };
		CE2754FE1D7A1CC300F2A511 /* timer-black-thin.png in Resources */ = {isa = PBXBuildFile; fileRef = CE2754FA1D7A1CC300F2A511 /* timer-black-thin.png */; };
		CE27550F1D7A2C4100F2A511 /* backward-thin.png in Resources */ = {isa = PBXBuildFile; fileRef = CE2755051D7A2C4100F2A511 /* backward-thin.png */; };
		CE2755101D7A2C4100F2A511 /* contact-us-thin.png in Resources */ = {isa = PBXBuildFile; fileRef = CE2755061D7A2C4100F2A511 /* contact-us-thin.png */; };
		CE2755111D7A2C4100F2A511 /* facebook-thin.png in Resources */ = {isa = PBXBuildFile; fileRef = CE2755071D7A2C4100F2A511 /* facebook-thin.png */; };
		CE2755121D7A2C4100F2A511 /* forward-thin.png in Resources */ = {isa = PBXBuildFile; fileRef = CE2755081D7A2C4100F2A511 /* forward-thin.png */; };
		CE2755131D7A2C4100F2A511 /* home-thin.png in Resources */ = {isa = PBXBuildFile; fileRef = CE2755091D7A2C4100F2A511 /* home-thin.png */; };
		CE2755141D7A2C4100F2A511 /* rate-thin.png in Resources */ = {isa = PBXBuildFile; fileRef = CE27550A1D7A2C4100F2A511 /* rate-thin.png */; };
		CE2755151D7A2C4100F2A511 /* refresh-thin.png in Resources */ = {isa = PBXBuildFile; fileRef = CE27550B1D7A2C4100F2A511 /* refresh-thin.png */; };
		CE2755161D7A2C4100F2A511 /* settings-thin.png in Resources */ = {isa = PBXBuildFile; fileRef = CE27550C1D7A2C4100F2A511 /* settings-thin.png */; };
		CE2755171D7A2C4100F2A511 /* stop-thin.png in Resources */ = {isa = PBXBuildFile; fileRef = CE27550D1D7A2C4100F2A511 /* stop-thin.png */; };
		CE2755181D7A2C4100F2A511 /* feedback-black-thin.png in Resources */ = {isa = PBXBuildFile; fileRef = CE27550E1D7A2C4100F2A511 /* feedback-black-thin.png */; };
		CE533A3E1D8F69D50080CF6D /* SQLiteDB.swift in Sources */ = {isa = PBXBuildFile; fileRef = CE533A3B1D8F69D50080CF6D /* SQLiteDB.swift */; };
		CE533A3F1D8F69D50080CF6D /* SQLTable.swift in Sources */ = {isa = PBXBuildFile; fileRef = CE533A3C1D8F69D50080CF6D /* SQLTable.swift */; };
		CE533A401D8F69D50080CF6D /* String-Extras.swift in Sources */ = {isa = PBXBuildFile; fileRef = CE533A3D1D8F69D50080CF6D /* String-Extras.swift */; };
		CE7B28FE1D8EB88F0037A7D6 /* share-disable-thin.png in Resources */ = {isa = PBXBuildFile; fileRef = CE7B28FC1D8EB88F0037A7D6 /* share-disable-thin.png */; };
		CE7B28FF1D8EB88F0037A7D6 /* share-thin.png in Resources */ = {isa = PBXBuildFile; fileRef = CE7B28FD1D8EB88F0037A7D6 /* share-thin.png */; };
		CE8FBCAF1D7CFFCC00658C86 /* CommonUtilities.swift in Sources */ = {isa = PBXBuildFile; fileRef = CE8FBCAE1D7CFFCC00658C86 /* CommonUtilities.swift */; };
		E797F89E25BDAEF400E988DC /* Main.storyboard in Resources */ = {isa = PBXBuildFile; fileRef = E797F89D25BDAEF400E988DC /* Main.storyboard */; };
		E79A4A7525BDFE0200FB8148 /* Assets.xcassets in Resources */ = {isa = PBXBuildFile; fileRef = E79A4A7425BDFE0200FB8148 /* Assets.xcassets */; };
		E79A4AD325BE639B00FB8148 /* Extension+ViewController.swift in Sources */ = {isa = PBXBuildFile; fileRef = E79A4AD225BE639B00FB8148 /* Extension+ViewController.swift */; };
/* End PBXBuildFile section */

/* Begin PBXContainerItemProxy section */
		CE2754BE1D79CB3000F2A511 /* PBXContainerItemProxy */ = {
			isa = PBXContainerItemProxy;
			containerPortal = CE2754A11D79CB3000F2A511 /* Project object */;
			proxyType = 1;
			remoteGlobalIDString = CE2754A81D79CB3000F2A511;
			remoteInfo = "Facebook Time";
		};
/* End PBXContainerItemProxy section */

/* Begin PBXFileReference section */
		CE0CB4BE1D7DAADC00B6C520 /* AppSettings.swift */ = {isa = PBXFileReference; fileEncoding = 4; lastKnownFileType = sourcecode.swift; path = AppSettings.swift; sourceTree = "<group>"; };
		CE0CB4C41D7DAEF300B6C520 /* facebook-time-v-1-build1.sqlite */ = {isa = PBXFileReference; lastKnownFileType = file; name = "facebook-time-v-1-build1.sqlite"; path = "Facebook Time/facebook-time-v-1-build1.sqlite"; sourceTree = "<group>"; };
		CE0CB4C61D7DBEAD00B6C520 /* backward-disable-thin.png */ = {isa = PBXFileReference; lastKnownFileType = image.png; name = "backward-disable-thin.png"; path = "Images/backward-disable-thin.png"; sourceTree = "<group>"; };
		CE0CB4C71D7DBEAD00B6C520 /* forward-disable-thin.png */ = {isa = PBXFileReference; lastKnownFileType = image.png; name = "forward-disable-thin.png"; path = "Images/forward-disable-thin.png"; sourceTree = "<group>"; };
		CE0CB4CA1D7F4AD400B6C520 /* RepeatMethods.swift */ = {isa = PBXFileReference; fileEncoding = 4; lastKnownFileType = sourcecode.swift; path = RepeatMethods.swift; sourceTree = "<group>"; };
		CE0CB4CC1D7F616C00B6C520 /* Alarm-3.mp3 */ = {isa = PBXFileReference; lastKnownFileType = audio.mp3; path = "Alarm-3.mp3"; sourceTree = "<group>"; };
		CE0CB4CE1D80195F00B6C520 /* ReportViewController.swift */ = {isa = PBXFileReference; fileEncoding = 4; lastKnownFileType = sourcecode.swift; path = ReportViewController.swift; sourceTree = "<group>"; };
		CE0CB4D01D801BF900B6C520 /* delete-black-thin.png */ = {isa = PBXFileReference; lastKnownFileType = image.png; path = "delete-black-thin.png"; sourceTree = "<group>"; };
		CE0CB4D21D801C5200B6C520 /* back-thin.png */ = {isa = PBXFileReference; lastKnownFileType = image.png; path = "back-thin.png"; sourceTree = "<group>"; };
		CE0CB4D41D801CBC00B6C520 /* next-thin.png */ = {isa = PBXFileReference; lastKnownFileType = image.png; path = "next-thin.png"; sourceTree = "<group>"; };
		CE0CB4D51D801CBC00B6C520 /* previos-thin.png */ = {isa = PBXFileReference; lastKnownFileType = image.png; path = "previos-thin.png"; sourceTree = "<group>"; };
		CE0CB4D81D801D3100B6C520 /* Facebook-Icon.png */ = {isa = PBXFileReference; lastKnownFileType = image.png; path = "Facebook-Icon.png"; sourceTree = "<group>"; };
		CE0CB4DA1D80203400B6C520 /* style.css */ = {isa = PBXFileReference; fileEncoding = 4; lastKnownFileType = text.css; path = style.css; sourceTree = "<group>"; };
		CE2754A91D79CB3000F2A511 /* Facebook Time.app */ = {isa = PBXFileReference; explicitFileType = wrapper.application; includeInIndex = 0; path = "Facebook Time.app"; sourceTree = BUILT_PRODUCTS_DIR; };
		CE2754AC1D79CB3000F2A511 /* AppDelegate.swift */ = {isa = PBXFileReference; lastKnownFileType = sourcecode.swift; path = AppDelegate.swift; sourceTree = "<group>"; };
		CE2754AE1D79CB3000F2A511 /* ViewController.swift */ = {isa = PBXFileReference; lastKnownFileType = sourcecode.swift; path = ViewController.swift; sourceTree = "<group>"; };
		CE2754B61D79CB3000F2A511 /* Base */ = {isa = PBXFileReference; lastKnownFileType = file.storyboard; name = Base; path = Base.lproj/LaunchScreen.storyboard; sourceTree = "<group>"; };
		CE2754B81D79CB3000F2A511 /* Info.plist */ = {isa = PBXFileReference; lastKnownFileType = text.plist.xml; path = Info.plist; sourceTree = "<group>"; };
		CE2754BD1D79CB3000F2A511 /* Facebook TimeTests.xctest */ = {isa = PBXFileReference; explicitFileType = wrapper.cfbundle; includeInIndex = 0; path = "Facebook TimeTests.xctest"; sourceTree = BUILT_PRODUCTS_DIR; };
		CE2754CF1D79CDD500F2A511 /* Facebook Time-Bridging-Header.h */ = {isa = PBXFileReference; lastKnownFileType = sourcecode.c.h; path = "Facebook Time-Bridging-Header.h"; sourceTree = "<group>"; };
		CE2754F91D7A1CC300F2A511 /* report-thin.png */ = {isa = PBXFileReference; lastKnownFileType = image.png; name = "report-thin.png"; path = "Images/report-thin.png"; sourceTree = "<group>"; };
		CE2754FA1D7A1CC300F2A511 /* timer-black-thin.png */ = {isa = PBXFileReference; lastKnownFileType = image.png; name = "timer-black-thin.png"; path = "Images/timer-black-thin.png"; sourceTree = "<group>"; };
		CE2755051D7A2C4100F2A511 /* backward-thin.png */ = {isa = PBXFileReference; lastKnownFileType = image.png; name = "backward-thin.png"; path = "Images/backward-thin.png"; sourceTree = "<group>"; };
		CE2755061D7A2C4100F2A511 /* contact-us-thin.png */ = {isa = PBXFileReference; lastKnownFileType = image.png; name = "contact-us-thin.png"; path = "Images/contact-us-thin.png"; sourceTree = "<group>"; };
		CE2755071D7A2C4100F2A511 /* facebook-thin.png */ = {isa = PBXFileReference; lastKnownFileType = image.png; name = "facebook-thin.png"; path = "Images/facebook-thin.png"; sourceTree = "<group>"; };
		CE2755081D7A2C4100F2A511 /* forward-thin.png */ = {isa = PBXFileReference; lastKnownFileType = image.png; name = "forward-thin.png"; path = "Images/forward-thin.png"; sourceTree = "<group>"; };
		CE2755091D7A2C4100F2A511 /* home-thin.png */ = {isa = PBXFileReference; lastKnownFileType = image.png; name = "home-thin.png"; path = "Images/home-thin.png"; sourceTree = "<group>"; };
		CE27550A1D7A2C4100F2A511 /* rate-thin.png */ = {isa = PBXFileReference; lastKnownFileType = image.png; name = "rate-thin.png"; path = "Images/rate-thin.png"; sourceTree = "<group>"; };
		CE27550B1D7A2C4100F2A511 /* refresh-thin.png */ = {isa = PBXFileReference; lastKnownFileType = image.png; name = "refresh-thin.png"; path = "Images/refresh-thin.png"; sourceTree = "<group>"; };
		CE27550C1D7A2C4100F2A511 /* settings-thin.png */ = {isa = PBXFileReference; lastKnownFileType = image.png; name = "settings-thin.png"; path = "Images/settings-thin.png"; sourceTree = "<group>"; };
		CE27550D1D7A2C4100F2A511 /* stop-thin.png */ = {isa = PBXFileReference; lastKnownFileType = image.png; name = "stop-thin.png"; path = "Images/stop-thin.png"; sourceTree = "<group>"; };
		CE27550E1D7A2C4100F2A511 /* feedback-black-thin.png */ = {isa = PBXFileReference; lastKnownFileType = image.png; name = "feedback-black-thin.png"; path = "Images/feedback-black-thin.png"; sourceTree = "<group>"; };
		CE533A3B1D8F69D50080CF6D /* SQLiteDB.swift */ = {isa = PBXFileReference; fileEncoding = 4; lastKnownFileType = sourcecode.swift; path = SQLiteDB.swift; sourceTree = "<group>"; };
		CE533A3C1D8F69D50080CF6D /* SQLTable.swift */ = {isa = PBXFileReference; fileEncoding = 4; lastKnownFileType = sourcecode.swift; path = SQLTable.swift; sourceTree = "<group>"; };
		CE533A3D1D8F69D50080CF6D /* String-Extras.swift */ = {isa = PBXFileReference; fileEncoding = 4; lastKnownFileType = sourcecode.swift; path = "String-Extras.swift"; sourceTree = "<group>"; };
		CE7B28FC1D8EB88F0037A7D6 /* share-disable-thin.png */ = {isa = PBXFileReference; lastKnownFileType = image.png; name = "share-disable-thin.png"; path = "Images/share-disable-thin.png"; sourceTree = "<group>"; };
		CE7B28FD1D8EB88F0037A7D6 /* share-thin.png */ = {isa = PBXFileReference; lastKnownFileType = image.png; name = "share-thin.png"; path = "Images/share-thin.png"; sourceTree = "<group>"; };
		CE8FBCAE1D7CFFCC00658C86 /* CommonUtilities.swift */ = {isa = PBXFileReference; fileEncoding = 4; lastKnownFileType = sourcecode.swift; path = CommonUtilities.swift; sourceTree = "<group>"; };
		E797F89D25BDAEF400E988DC /* Main.storyboard */ = {isa = PBXFileReference; lastKnownFileType = file.storyboard; path = Main.storyboard; sourceTree = "<group>"; };
		E79A4A7425BDFE0200FB8148 /* Assets.xcassets */ = {isa = PBXFileReference; lastKnownFileType = folder.assetcatalog; path = Assets.xcassets; sourceTree = "<group>"; };
		E79A4AD225BE639B00FB8148 /* Extension+ViewController.swift */ = {isa = PBXFileReference; lastKnownFileType = sourcecode.swift; path = "Extension+ViewController.swift"; sourceTree = "<group>"; };
/* End PBXFileReference section */

/* Begin PBXFrameworksBuildPhase section */
		CE2754A61D79CB3000F2A511 /* Frameworks */ = {
			isa = PBXFrameworksBuildPhase;
			buildActionMask = 2147483647;
			files = (
			);
			runOnlyForDeploymentPostprocessing = 0;
		};
		CE2754BA1D79CB3000F2A511 /* Frameworks */ = {
			isa = PBXFrameworksBuildPhase;
			buildActionMask = 2147483647;
			files = (
			);
			runOnlyForDeploymentPostprocessing = 0;
		};
/* End PBXFrameworksBuildPhase section */

/* Begin PBXGroup section */
		CE2754A01D79CB3000F2A511 = {
			isa = PBXGroup;
			children = (
				CE0CB4C41D7DAEF300B6C520 /* facebook-time-v-1-build1.sqlite */,
				CE2754CF1D79CDD500F2A511 /* Facebook Time-Bridging-Header.h */,
				CE2754AB1D79CB3000F2A511 /* Facebook Time */,
				CE2754F61D7A1C9C00F2A511 /* Supporting Files */,
				CE2754AA1D79CB3000F2A511 /* Products */,
			);
			sourceTree = "<group>";
		};
		CE2754AA1D79CB3000F2A511 /* Products */ = {
			isa = PBXGroup;
			children = (
				CE2754A91D79CB3000F2A511 /* Facebook Time.app */,
				CE2754BD1D79CB3000F2A511 /* Facebook TimeTests.xctest */,
			);
			name = Products;
			sourceTree = "<group>";
		};
		CE2754AB1D79CB3000F2A511 /* Facebook Time */ = {
			isa = PBXGroup;
			children = (
				E79A4AD025BE62F600FB8148 /* Supporting Files */,
				E79A4ACD25BE62CB00FB8148 /* SQLite Library */,
				E79A4AC925BE626500FB8148 /* Extensions */,
				CE0CB4BE1D7DAADC00B6C520 /* AppSettings.swift */,
				CE2754AC1D79CB3000F2A511 /* AppDelegate.swift */,
				CE2754AE1D79CB3000F2A511 /* ViewController.swift */,
				E79A4AD225BE639B00FB8148 /* Extension+ViewController.swift */,
				CE0CB4CE1D80195F00B6C520 /* ReportViewController.swift */,
				CE2754B51D79CB3000F2A511 /* LaunchScreen.storyboard */,
				CE2754B81D79CB3000F2A511 /* Info.plist */,
				E797F89D25BDAEF400E988DC /* Main.storyboard */,
			);
			path = "Facebook Time";
			sourceTree = "<group>";
		};
		CE2754F61D7A1C9C00F2A511 /* Supporting Files */ = {
			isa = PBXGroup;
			children = (
				CE7B28FC1D8EB88F0037A7D6 /* share-disable-thin.png */,
				CE7B28FD1D8EB88F0037A7D6 /* share-thin.png */,
				CE0CB4DA1D80203400B6C520 /* style.css */,
				CE0CB4D81D801D3100B6C520 /* Facebook-Icon.png */,
				CE0CB4D41D801CBC00B6C520 /* next-thin.png */,
				CE0CB4D51D801CBC00B6C520 /* previos-thin.png */,
				CE0CB4D21D801C5200B6C520 /* back-thin.png */,
				CE0CB4D01D801BF900B6C520 /* delete-black-thin.png */,
				CE0CB4CC1D7F616C00B6C520 /* Alarm-3.mp3 */,
				CE0CB4C61D7DBEAD00B6C520 /* backward-disable-thin.png */,
				CE0CB4C71D7DBEAD00B6C520 /* forward-disable-thin.png */,
				CE2755051D7A2C4100F2A511 /* backward-thin.png */,
				CE2755061D7A2C4100F2A511 /* contact-us-thin.png */,
				CE2755071D7A2C4100F2A511 /* facebook-thin.png */,
				CE2755081D7A2C4100F2A511 /* forward-thin.png */,
				CE2755091D7A2C4100F2A511 /* home-thin.png */,
				CE27550A1D7A2C4100F2A511 /* rate-thin.png */,
				CE27550B1D7A2C4100F2A511 /* refresh-thin.png */,
				CE27550C1D7A2C4100F2A511 /* settings-thin.png */,
				CE27550D1D7A2C4100F2A511 /* stop-thin.png */,
				CE27550E1D7A2C4100F2A511 /* feedback-black-thin.png */,
				CE2754F91D7A1CC300F2A511 /* report-thin.png */,
				CE2754FA1D7A1CC300F2A511 /* timer-black-thin.png */,
			);
			name = "Supporting Files";
			sourceTree = "<group>";
		};
		E79A4AC925BE626500FB8148 /* Extensions */ = {
			isa = PBXGroup;
			children = (
				CE533A3D1D8F69D50080CF6D /* String-Extras.swift */,
				CE8FBCAE1D7CFFCC00658C86 /* CommonUtilities.swift */,
				CE0CB4CA1D7F4AD400B6C520 /* RepeatMethods.swift */,
			);
			path = Extensions;
			sourceTree = "<group>";
		};
		E79A4ACD25BE62CB00FB8148 /* SQLite Library */ = {
			isa = PBXGroup;
			children = (
				CE533A3B1D8F69D50080CF6D /* SQLiteDB.swift */,
				CE533A3C1D8F69D50080CF6D /* SQLTable.swift */,
			);
			path = "SQLite Library";
			sourceTree = "<group>";
		};
		E79A4AD025BE62F600FB8148 /* Supporting Files */ = {
			isa = PBXGroup;
			children = (
				E79A4A7425BDFE0200FB8148 /* Assets.xcassets */,
			);
			path = "Supporting Files";
			sourceTree = "<group>";
		};
/* End PBXGroup section */

/* Begin PBXNativeTarget section */
		CE2754A81D79CB3000F2A511 /* Facebook Time */ = {
			isa = PBXNativeTarget;
			buildConfigurationList = CE2754C61D79CB3000F2A511 /* Build configuration list for PBXNativeTarget "Facebook Time" */;
			buildPhases = (
				CE2754A51D79CB3000F2A511 /* Sources */,
				CE2754A61D79CB3000F2A511 /* Frameworks */,
				CE2754A71D79CB3000F2A511 /* Resources */,
			);
			buildRules = (
			);
			dependencies = (
			);
			name = "Facebook Time";
			productName = "Facebook Time";
			productReference = CE2754A91D79CB3000F2A511 /* Facebook Time.app */;
			productType = "com.apple.product-type.application";
		};
		CE2754BC1D79CB3000F2A511 /* Facebook TimeTests */ = {
			isa = PBXNativeTarget;
			buildConfigurationList = CE2754C91D79CB3000F2A511 /* Build configuration list for PBXNativeTarget "Facebook TimeTests" */;
			buildPhases = (
				CE2754B91D79CB3000F2A511 /* Sources */,
				CE2754BA1D79CB3000F2A511 /* Frameworks */,
				CE2754BB1D79CB3000F2A511 /* Resources */,
			);
			buildRules = (
			);
			dependencies = (
				CE2754BF1D79CB3000F2A511 /* PBXTargetDependency */,
			);
			name = "Facebook TimeTests";
			productName = "Facebook TimeTests";
			productReference = CE2754BD1D79CB3000F2A511 /* Facebook TimeTests.xctest */;
			productType = "com.apple.product-type.bundle.unit-test";
		};
/* End PBXNativeTarget section */

/* Begin PBXProject section */
		CE2754A11D79CB3000F2A511 /* Project object */ = {
			isa = PBXProject;
			attributes = {
				LastSwiftUpdateCheck = 0730;
				LastUpgradeCheck = 1230;
				ORGANIZATIONNAME = APPWORLD;
				TargetAttributes = {
					CE2754A81D79CB3000F2A511 = {
						CreatedOnToolsVersion = 7.3.1;
						DevelopmentTeam = F43KA2X29F;
						LastSwiftMigration = 0800;
					};
					CE2754BC1D79CB3000F2A511 = {
						CreatedOnToolsVersion = 7.3.1;
						LastSwiftMigration = 0800;
						TestTargetID = CE2754A81D79CB3000F2A511;
					};
				};
			};
			buildConfigurationList = CE2754A41D79CB3000F2A511 /* Build configuration list for PBXProject "Facebook Time" */;
			compatibilityVersion = "Xcode 3.2";
			developmentRegion = English;
			hasScannedForEncodings = 0;
			knownRegions = (
				English,
				en,
				Base,
			);
			mainGroup = CE2754A01D79CB3000F2A511;
			productRefGroup = CE2754AA1D79CB3000F2A511 /* Products */;
			projectDirPath = "";
			projectRoot = "";
			targets = (
				CE2754A81D79CB3000F2A511 /* Facebook Time */,
				CE2754BC1D79CB3000F2A511 /* Facebook TimeTests */,
			);
		};
/* End PBXProject section */

/* Begin PBXResourcesBuildPhase section */
		CE2754A71D79CB3000F2A511 /* Resources */ = {
			isa = PBXResourcesBuildPhase;
			buildActionMask = 2147483647;
			files = (
				CE2755141D7A2C4100F2A511 /* rate-thin.png in Resources */,
				CE0CB4C91D7DBEAD00B6C520 /* forward-disable-thin.png in Resources */,
				CE7B28FE1D8EB88F0037A7D6 /* share-disable-thin.png in Resources */,
				CE0CB4D61D801CBC00B6C520 /* next-thin.png in Resources */,
				CE0CB4D91D801D3100B6C520 /* Facebook-Icon.png in Resources */,
				CE2754B71D79CB3000F2A511 /* LaunchScreen.storyboard in Resources */,
				CE2754FE1D7A1CC300F2A511 /* timer-black-thin.png in Resources */,
				CE7B28FF1D8EB88F0037A7D6 /* share-thin.png in Resources */,
				CE0CB4D31D801C5200B6C520 /* back-thin.png in Resources */,
				CE27550F1D7A2C4100F2A511 /* backward-thin.png in Resources */,
				CE0CB4CD1D7F616C00B6C520 /* Alarm-3.mp3 in Resources */,
				CE2755161D7A2C4100F2A511 /* settings-thin.png in Resources */,
				CE0CB4C81D7DBEAD00B6C520 /* backward-disable-thin.png in Resources */,
				CE0CB4C51D7DAEF300B6C520 /* facebook-time-v-1-build1.sqlite in Resources */,
				CE2754FD1D7A1CC300F2A511 /* report-thin.png in Resources */,
				CE2755121D7A2C4100F2A511 /* forward-thin.png in Resources */,
				CE2755181D7A2C4100F2A511 /* feedback-black-thin.png in Resources */,
				CE2755131D7A2C4100F2A511 /* home-thin.png in Resources */,
				E79A4A7525BDFE0200FB8148 /* Assets.xcassets in Resources */,
				E797F89E25BDAEF400E988DC /* Main.storyboard in Resources */,
				CE2755151D7A2C4100F2A511 /* refresh-thin.png in Resources */,
				CE2755171D7A2C4100F2A511 /* stop-thin.png in Resources */,
				CE0CB4D71D801CBC00B6C520 /* previos-thin.png in Resources */,
				CE0CB4D11D801BF900B6C520 /* delete-black-thin.png in Resources */,
				CE0CB4DB1D80203400B6C520 /* style.css in Resources */,
				CE2755111D7A2C4100F2A511 /* facebook-thin.png in Resources */,
				CE2755101D7A2C4100F2A511 /* contact-us-thin.png in Resources */,
			);
			runOnlyForDeploymentPostprocessing = 0;
		};
		CE2754BB1D79CB3000F2A511 /* Resources */ = {
			isa = PBXResourcesBuildPhase;
			buildActionMask = 2147483647;
			files = (
			);
			runOnlyForDeploymentPostprocessing = 0;
		};
/* End PBXResourcesBuildPhase section */

/* Begin PBXSourcesBuildPhase section */
		CE2754A51D79CB3000F2A511 /* Sources */ = {
			isa = PBXSourcesBuildPhase;
			buildActionMask = 2147483647;
			files = (
				CE0CB4CF1D80195F00B6C520 /* ReportViewController.swift in Sources */,
				CE533A3F1D8F69D50080CF6D /* SQLTable.swift in Sources */,
				E79A4AD325BE639B00FB8148 /* Extension+ViewController.swift in Sources */,
				CE8FBCAF1D7CFFCC00658C86 /* CommonUtilities.swift in Sources */,
				CE0CB4CB1D7F4AD400B6C520 /* RepeatMethods.swift in Sources */,
				CE533A401D8F69D50080CF6D /* String-Extras.swift in Sources */,
				CE2754AF1D79CB3000F2A511 /* ViewController.swift in Sources */,
				CE2754AD1D79CB3000F2A511 /* AppDelegate.swift in Sources */,
				CE0CB4BF1D7DAADC00B6C520 /* AppSettings.swift in Sources */,
				CE533A3E1D8F69D50080CF6D /* SQLiteDB.swift in Sources */,
			);
			runOnlyForDeploymentPostprocessing = 0;
		};
		CE2754B91D79CB3000F2A511 /* Sources */ = {
			isa = PBXSourcesBuildPhase;
			buildActionMask = 2147483647;
			files = (
			);
			runOnlyForDeploymentPostprocessing = 0;
		};
/* End PBXSourcesBuildPhase section */

/* Begin PBXTargetDependency section */
		CE2754BF1D79CB3000F2A511 /* PBXTargetDependency */ = {
			isa = PBXTargetDependency;
			target = CE2754A81D79CB3000F2A511 /* Facebook Time */;
			targetProxy = CE2754BE1D79CB3000F2A511 /* PBXContainerItemProxy */;
		};
/* End PBXTargetDependency section */

/* Begin PBXVariantGroup section */
		CE2754B51D79CB3000F2A511 /* LaunchScreen.storyboard */ = {
			isa = PBXVariantGroup;
			children = (
				CE2754B61D79CB3000F2A511 /* Base */,
			);
			name = LaunchScreen.storyboard;
			sourceTree = "<group>";
		};
/* End PBXVariantGroup section */

/* Begin XCBuildConfiguration section */
		CE2754C41D79CB3000F2A511 /* Debug */ = {
			isa = XCBuildConfiguration;
			buildSettings = {
				ALWAYS_SEARCH_USER_PATHS = NO;
				CLANG_ANALYZER_LOCALIZABILITY_NONLOCALIZED = YES;
				CLANG_ANALYZER_NONNULL = YES;
				CLANG_CXX_LANGUAGE_STANDARD = "gnu++0x";
				CLANG_CXX_LIBRARY = "libc++";
				CLANG_ENABLE_MODULES = YES;
				CLANG_ENABLE_OBJC_ARC = YES;
				CLANG_WARN_BLOCK_CAPTURE_AUTORELEASING = YES;
				CLANG_WARN_BOOL_CONVERSION = YES;
				CLANG_WARN_COMMA = YES;
				CLANG_WARN_CONSTANT_CONVERSION = YES;
				CLANG_WARN_DEPRECATED_OBJC_IMPLEMENTATIONS = YES;
				CLANG_WARN_DIRECT_OBJC_ISA_USAGE = YES_ERROR;
				CLANG_WARN_EMPTY_BODY = YES;
				CLANG_WARN_ENUM_CONVERSION = YES;
				CLANG_WARN_INFINITE_RECURSION = YES;
				CLANG_WARN_INT_CONVERSION = YES;
				CLANG_WARN_NON_LITERAL_NULL_CONVERSION = YES;
				CLANG_WARN_OBJC_IMPLICIT_RETAIN_SELF = YES;
				CLANG_WARN_OBJC_LITERAL_CONVERSION = YES;
				CLANG_WARN_OBJC_ROOT_CLASS = YES_ERROR;
				CLANG_WARN_QUOTED_INCLUDE_IN_FRAMEWORK_HEADER = YES;
				CLANG_WARN_RANGE_LOOP_ANALYSIS = YES;
				CLANG_WARN_STRICT_PROTOTYPES = YES;
				CLANG_WARN_SUSPICIOUS_MOVE = YES;
				CLANG_WARN_UNREACHABLE_CODE = YES;
				CLANG_WARN__DUPLICATE_METHOD_MATCH = YES;
				"CODE_SIGN_IDENTITY[sdk=iphoneos*]" = "iPhone Developer";
				COPY_PHASE_STRIP = NO;
				DEBUG_INFORMATION_FORMAT = dwarf;
				ENABLE_STRICT_OBJC_MSGSEND = YES;
				ENABLE_TESTABILITY = YES;
				GCC_C_LANGUAGE_STANDARD = gnu99;
				GCC_DYNAMIC_NO_PIC = NO;
				GCC_NO_COMMON_BLOCKS = YES;
				GCC_OPTIMIZATION_LEVEL = 0;
				GCC_PREPROCESSOR_DEFINITIONS = (
					"DEBUG=1",
					"$(inherited)",
				);
				GCC_WARN_64_TO_32_BIT_CONVERSION = YES;
				GCC_WARN_ABOUT_RETURN_TYPE = YES_ERROR;
				GCC_WARN_UNDECLARED_SELECTOR = YES;
				GCC_WARN_UNINITIALIZED_AUTOS = YES_AGGRESSIVE;
				GCC_WARN_UNUSED_FUNCTION = YES;
				GCC_WARN_UNUSED_VARIABLE = YES;
				IPHONEOS_DEPLOYMENT_TARGET = 12.0;
				MTL_ENABLE_DEBUG_INFO = YES;
				ONLY_ACTIVE_ARCH = YES;
				SDKROOT = iphoneos;
				SWIFT_OPTIMIZATION_LEVEL = "-Onone";
				TARGETED_DEVICE_FAMILY = "1,2";
			};
			name = Debug;
		};
		CE2754C51D79CB3000F2A511 /* Release */ = {
			isa = XCBuildConfiguration;
			buildSettings = {
				ALWAYS_SEARCH_USER_PATHS = NO;
				CLANG_ANALYZER_LOCALIZABILITY_NONLOCALIZED = YES;
				CLANG_ANALYZER_NONNULL = YES;
				CLANG_CXX_LANGUAGE_STANDARD = "gnu++0x";
				CLANG_CXX_LIBRARY = "libc++";
				CLANG_ENABLE_MODULES = YES;
				CLANG_ENABLE_OBJC_ARC = YES;
				CLANG_WARN_BLOCK_CAPTURE_AUTORELEASING = YES;
				CLANG_WARN_BOOL_CONVERSION = YES;
				CLANG_WARN_COMMA = YES;
				CLANG_WARN_CONSTANT_CONVERSION = YES;
				CLANG_WARN_DEPRECATED_OBJC_IMPLEMENTATIONS = YES;
				CLANG_WARN_DIRECT_OBJC_ISA_USAGE = YES_ERROR;
				CLANG_WARN_EMPTY_BODY = YES;
				CLANG_WARN_ENUM_CONVERSION = YES;
				CLANG_WARN_INFINITE_RECURSION = YES;
				CLANG_WARN_INT_CONVERSION = YES;
				CLANG_WARN_NON_LITERAL_NULL_CONVERSION = YES;
				CLANG_WARN_OBJC_IMPLICIT_RETAIN_SELF = YES;
				CLANG_WARN_OBJC_LITERAL_CONVERSION = YES;
				CLANG_WARN_OBJC_ROOT_CLASS = YES_ERROR;
				CLANG_WARN_QUOTED_INCLUDE_IN_FRAMEWORK_HEADER = YES;
				CLANG_WARN_RANGE_LOOP_ANALYSIS = YES;
				CLANG_WARN_STRICT_PROTOTYPES = YES;
				CLANG_WARN_SUSPICIOUS_MOVE = YES;
				CLANG_WARN_UNREACHABLE_CODE = YES;
				CLANG_WARN__DUPLICATE_METHOD_MATCH = YES;
				"CODE_SIGN_IDENTITY[sdk=iphoneos*]" = "iPhone Developer";
				COPY_PHASE_STRIP = NO;
				DEBUG_INFORMATION_FORMAT = "dwarf-with-dsym";
				ENABLE_NS_ASSERTIONS = NO;
				ENABLE_STRICT_OBJC_MSGSEND = YES;
				GCC_C_LANGUAGE_STANDARD = gnu99;
				GCC_NO_COMMON_BLOCKS = YES;
				GCC_WARN_64_TO_32_BIT_CONVERSION = YES;
				GCC_WARN_ABOUT_RETURN_TYPE = YES_ERROR;
				GCC_WARN_UNDECLARED_SELECTOR = YES;
				GCC_WARN_UNINITIALIZED_AUTOS = YES_AGGRESSIVE;
				GCC_WARN_UNUSED_FUNCTION = YES;
				GCC_WARN_UNUSED_VARIABLE = YES;
				IPHONEOS_DEPLOYMENT_TARGET = 12.0;
				MTL_ENABLE_DEBUG_INFO = NO;
				SDKROOT = iphoneos;
				SWIFT_OPTIMIZATION_LEVEL = "-Owholemodule";
				TARGETED_DEVICE_FAMILY = "1,2";
				VALIDATE_PRODUCT = YES;
			};
			name = Release;
		};
		CE2754C71D79CB3000F2A511 /* Debug */ = {
			isa = XCBuildConfiguration;
			buildSettings = {
				ASSETCATALOG_COMPILER_APPICON_NAME = AppIcon;
				CODE_SIGN_IDENTITY = "iPhone Developer";
				CURRENT_PROJECT_VERSION = 1;
				DEVELOPMENT_TEAM = F43KA2X29F;
				FRAMEWORK_SEARCH_PATHS = (
					"$(inherited)",
					"$(PROJECT_DIR)/Firebase/AdMob",
					"$(PROJECT_DIR)/Firebase/Analytics",
					"$(PROJECT_DIR)/Firebase/AppIndexing",
					"$(PROJECT_DIR)/Firebase/Auth",
					"$(PROJECT_DIR)",
				);
				INFOPLIST_FILE = "Facebook Time/Info.plist";
				IPHONEOS_DEPLOYMENT_TARGET = 12.0;
				LD_RUNPATH_SEARCH_PATHS = "$(inherited) @executable_path/Frameworks";
				MARKETING_VERSION = 1.1;
				OTHER_LDFLAGS = (
					"$(OTHER_LDFLAGS)",
					"-ObjC",
				);
				PRODUCT_BUNDLE_IDENTIFIER = "com.appworld1.Facebook-Time";
				PRODUCT_NAME = "$(TARGET_NAME)";
				SWIFT_INCLUDE_PATHS = "";
				SWIFT_OBJC_BRIDGING_HEADER = "Facebook Time-Bridging-Header.h";
				SWIFT_VERSION = 5.0;
			};
			name = Debug;
		};
		CE2754C81D79CB3000F2A511 /* Release */ = {
			isa = XCBuildConfiguration;
			buildSettings = {
				ASSETCATALOG_COMPILER_APPICON_NAME = AppIcon;
				CODE_SIGN_IDENTITY = "iPhone Developer";
				CURRENT_PROJECT_VERSION = 1;
				DEVELOPMENT_TEAM = F43KA2X29F;
				FRAMEWORK_SEARCH_PATHS = (
					"$(inherited)",
					"$(PROJECT_DIR)/Firebase/AdMob",
					"$(PROJECT_DIR)/Firebase/Analytics",
					"$(PROJECT_DIR)/Firebase/AppIndexing",
					"$(PROJECT_DIR)/Firebase/Auth",
					"$(PROJECT_DIR)",
				);
				INFOPLIST_FILE = "Facebook Time/Info.plist";
				IPHONEOS_DEPLOYMENT_TARGET = 12.0;
				LD_RUNPATH_SEARCH_PATHS = "$(inherited) @executable_path/Frameworks";
				MARKETING_VERSION = 1.1;
				OTHER_LDFLAGS = (
					"$(OTHER_LDFLAGS)",
					"-ObjC",
				);
				PRODUCT_BUNDLE_IDENTIFIER = "com.appworld1.Facebook-Time";
				PRODUCT_NAME = "$(TARGET_NAME)";
				SWIFT_INCLUDE_PATHS = "";
				SWIFT_OBJC_BRIDGING_HEADER = "Facebook Time-Bridging-Header.h";
				SWIFT_VERSION = 5.0;
			};
			name = Release;
		};
		CE2754CA1D79CB3000F2A511 /* Debug */ = {
			isa = XCBuildConfiguration;
			buildSettings = {
				BUNDLE_LOADER = "$(TEST_HOST)";
				INFOPLIST_FILE = "Facebook TimeTests/Info.plist";
				LD_RUNPATH_SEARCH_PATHS = "$(inherited) @executable_path/Frameworks @loader_path/Frameworks";
				PRODUCT_BUNDLE_IDENTIFIER = "com.appworld1.Facebook-TimeTests";
				PRODUCT_NAME = "$(TARGET_NAME)";
				SWIFT_VERSION = 3.0;
				TEST_HOST = "$(BUILT_PRODUCTS_DIR)/Facebook Time.app/Facebook Time";
			};
			name = Debug;
		};
		CE2754CB1D79CB3000F2A511 /* Release */ = {
			isa = XCBuildConfiguration;
			buildSettings = {
				BUNDLE_LOADER = "$(TEST_HOST)";
				INFOPLIST_FILE = "Facebook TimeTests/Info.plist";
				LD_RUNPATH_SEARCH_PATHS = "$(inherited) @executable_path/Frameworks @loader_path/Frameworks";
				PRODUCT_BUNDLE_IDENTIFIER = "com.appworld1.Facebook-TimeTests";
				PRODUCT_NAME = "$(TARGET_NAME)";
				SWIFT_VERSION = 3.0;
				TEST_HOST = "$(BUILT_PRODUCTS_DIR)/Facebook Time.app/Facebook Time";
			};
			name = Release;
		};
/* End XCBuildConfiguration section */

/* Begin XCConfigurationList section */
		CE2754A41D79CB3000F2A511 /* Build configuration list for PBXProject "Facebook Time" */ = {
			isa = XCConfigurationList;
			buildConfigurations = (
				CE2754C41D79CB3000F2A511 /* Debug */,
				CE2754C51D79CB3000F2A511 /* Release */,
			);
			defaultConfigurationIsVisible = 0;
			defaultConfigurationName = Release;
		};
		CE2754C61D79CB3000F2A511 /* Build configuration list for PBXNativeTarget "Facebook Time" */ = {
			isa = XCConfigurationList;
			buildConfigurations = (
				CE2754C71D79CB3000F2A511 /* Debug */,
				CE2754C81D79CB3000F2A511 /* Release */,
			);
			defaultConfigurationIsVisible = 0;
			defaultConfigurationName = Release;
		};
		CE2754C91D79CB3000F2A511 /* Build configuration list for PBXNativeTarget "Facebook TimeTests" */ = {
			isa = XCConfigurationList;
			buildConfigurations = (
				CE2754CA1D79CB3000F2A511 /* Debug */,
				CE2754CB1D79CB3000F2A511 /* Release */,
			);
			defaultConfigurationIsVisible = 0;
			defaultConfigurationName = Release;
		};
/* End XCConfigurationList section */
	};
	rootObject = CE2754A11D79CB3000F2A511 /* Project object */;
}
